
Microsoft Visual Studio Solution File, Format Version 12.00
# Visual Studio Version 17
VisualStudioVersion = 17.0.32014.148
MinimumVisualStudioVersion = 10.0.40219.1
Project("{9A19103F-16F7-4668-BE54-9A1E7A4F7556}") = "Todos", "src\Todos\Todos.csproj", "{CAFB4053-B80C-4A5E-85DA-03DFE4FCD124}"
EndProject
Project("{2150E333-8FDC-42A3-9474-1A3956D46DE8}") = "tests", "tests", "{FCAB80E7-AA8D-49C8-82B4-B9863F337713}"
EndProject
Project("{9A19103F-16F7-4668-BE54-9A1E7A4F7556}") = "FunctionalTests", "tests\FunctionalTests\FunctionalTests.csproj", "{19E96B6C-40A0-48DF-9F77-91EA7B453420}"
EndProject
Project("{9A19103F-16F7-4668-BE54-9A1E7A4F7556}") = "TodoUnitTests", "tests\TodoUnitTests\TodoUnitTests.csproj", "{5ED0567B-10E2-430A-9B0C-5F61F45E9B48}"
EndProject
Project("{9A19103F-16F7-4668-BE54-9A1E7A4F7556}") = "ArchTests", "tests\ArchTests\ArchTests.csproj", "{D52F1DE0-BB2B-4032-88DB-AFD0B4F46EFC}"
EndProject
Project("{9A19103F-16F7-4668-BE54-9A1E7A4F7556}") = "ServiceDefaults", "src\ServiceDefaults\ServiceDefaults.csproj", "{212F4713-4CC8-4738-B4BA-4B6C82388C60}"
EndProject
Project("{2150E333-8FDC-42A3-9474-1A3956D46DE8}") = "local", "local", "{99F14F49-6D15-4E00-BB1E-52E6A193F457}"
EndProject
Project("{9A19103F-16F7-4668-BE54-9A1E7A4F7556}") = "AspireHost", "src\AspireHost\AspireHost.csproj", "{CE3F89C5-D46D-4EFB-9724-B0DE814BA3FF}"
EndProject
Project("{9A19103F-16F7-4668-BE54-9A1E7A4F7556}") = "Web", "src\Web\Web.csproj", "{B7B8D2A0-D527-4D2D-A2E5-51691EF860E2}"
EndProject
Project("{2150E333-8FDC-42A3-9474-1A3956D46DE8}") = "shared", "shared", "{05C33BFA-3CB7-439C-91DE-B0A52CA4AE81}"
EndProject
Project("{FAE04EC0-301F-11D3-BF4B-00C04F79EFBC}") = "BuildingBlocks", "src\BuildingBlocks\BuildingBlocks.csproj", "{BF2F3896-2FD8-4E85-A987-A51D541CED0A}"
EndProject
Project("{FAE04EC0-301F-11D3-BF4B-00C04F79EFBC}") = "Api", "src\Api\Api.csproj", "{C027A75D-5F70-4866-B388-7E7C3D196F67}"
EndProject
Project("{FAE04EC0-301F-11D3-BF4B-00C04F79EFBC}") = "Contracts", "src\Contracts\Contracts.csproj", "{19E15A96-275A-43AD-B8F7-D5FA3B2381AF}"
EndProject
Project("{FAE04EC0-301F-11D3-BF4B-00C04F79EFBC}") = "Notifications", "src\Notifications\Notifications.csproj", "{2F45C0EF-7D4F-4E14-870A-31F5FF640701}"
EndProject
Project("{FAE04EC0-301F-11D3-BF4B-00C04F79EFBC}") = "DbSeeder", "local\DbSeeder\DbSeeder.csproj", "{6AC6CBDD-9533-4909-9AAA-7039BCE7A42B}"
EndProject
Project("{2150E333-8FDC-42A3-9474-1A3956D46DE8}") = "modules", "modules", "{B52CA77A-31FD-4AB8-AB26-0AB5C361F896}"
EndProject
Project("{FAE04EC0-301F-11D3-BF4B-00C04F79EFBC}") = "AspireTest", "tests\AspireTest\AspireTest.csproj", "{CC833F2C-B447-46AA-A2F6-46DAC646451C}"
EndProject
Project("{2150E333-8FDC-42A3-9474-1A3956D46DE8}") = "solution files", "solution files", "{8D1405CD-93FB-4B0A-9CEE-C5353041722A}"
	ProjectSection(SolutionItems) = preProject
		Directory.Build.props = Directory.Build.props
		Directory.Packages.props = Directory.Packages.props
		global.json = global.json
		docker-compose.yml = docker-compose.yml
	EndProjectSection
EndProject
Project("{FAE04EC0-301F-11D3-BF4B-00C04F79EFBC}") = "E2ETests", "tests\E2ETests\E2ETests.csproj", "{22917C1D-8053-4E73-BB8B-33B000E85F40}"
EndProject
Project("{54A90642-561A-4BB1-A94E-469ADEE60C69}") = "spa", "src\spa\spa.esproj", "{E0AD72F6-ED41-466C-A63B-CB85179537A5}"
EndProject
Project("{FAE04EC0-301F-11D3-BF4B-00C04F79EFBC}") = "DbService", "local\DbService\DbService.csproj", "{C52A6B85-0AF4-496E-9C26-4AECA4092485}"
EndProject
Global
	GlobalSection(SolutionConfigurationPlatforms) = preSolution
		Debug|Any CPU = Debug|Any CPU
		Release|Any CPU = Release|Any CPU
	EndGlobalSection
	GlobalSection(ProjectConfigurationPlatforms) = postSolution
		{CAFB4053-B80C-4A5E-85DA-03DFE4FCD124}.Debug|Any CPU.ActiveCfg = Debug|Any CPU
		{CAFB4053-B80C-4A5E-85DA-03DFE4FCD124}.Debug|Any CPU.Build.0 = Debug|Any CPU
		{CAFB4053-B80C-4A5E-85DA-03DFE4FCD124}.Release|Any CPU.ActiveCfg = Release|Any CPU
		{CAFB4053-B80C-4A5E-85DA-03DFE4FCD124}.Release|Any CPU.Build.0 = Release|Any CPU
		{19E96B6C-40A0-48DF-9F77-91EA7B453420}.Debug|Any CPU.ActiveCfg = Debug|Any CPU
		{19E96B6C-40A0-48DF-9F77-91EA7B453420}.Debug|Any CPU.Build.0 = Debug|Any CPU
		{19E96B6C-40A0-48DF-9F77-91EA7B453420}.Release|Any CPU.ActiveCfg = Release|Any CPU
		{19E96B6C-40A0-48DF-9F77-91EA7B453420}.Release|Any CPU.Build.0 = Release|Any CPU
		{5ED0567B-10E2-430A-9B0C-5F61F45E9B48}.Debug|Any CPU.ActiveCfg = Debug|Any CPU
		{5ED0567B-10E2-430A-9B0C-5F61F45E9B48}.Debug|Any CPU.Build.0 = Debug|Any CPU
		{5ED0567B-10E2-430A-9B0C-5F61F45E9B48}.Release|Any CPU.ActiveCfg = Release|Any CPU
		{5ED0567B-10E2-430A-9B0C-5F61F45E9B48}.Release|Any CPU.Build.0 = Release|Any CPU
		{D52F1DE0-BB2B-4032-88DB-AFD0B4F46EFC}.Debug|Any CPU.ActiveCfg = Debug|Any CPU
		{D52F1DE0-BB2B-4032-88DB-AFD0B4F46EFC}.Debug|Any CPU.Build.0 = Debug|Any CPU
		{D52F1DE0-BB2B-4032-88DB-AFD0B4F46EFC}.Release|Any CPU.ActiveCfg = Release|Any CPU
		{D52F1DE0-BB2B-4032-88DB-AFD0B4F46EFC}.Release|Any CPU.Build.0 = Release|Any CPU
		{212F4713-4CC8-4738-B4BA-4B6C82388C60}.Debug|Any CPU.ActiveCfg = Debug|Any CPU
		{212F4713-4CC8-4738-B4BA-4B6C82388C60}.Debug|Any CPU.Build.0 = Debug|Any CPU
		{212F4713-4CC8-4738-B4BA-4B6C82388C60}.Release|Any CPU.ActiveCfg = Release|Any CPU
		{212F4713-4CC8-4738-B4BA-4B6C82388C60}.Release|Any CPU.Build.0 = Release|Any CPU
		{CE3F89C5-D46D-4EFB-9724-B0DE814BA3FF}.Debug|Any CPU.ActiveCfg = Debug|Any CPU
		{CE3F89C5-D46D-4EFB-9724-B0DE814BA3FF}.Debug|Any CPU.Build.0 = Debug|Any CPU
		{CE3F89C5-D46D-4EFB-9724-B0DE814BA3FF}.Release|Any CPU.ActiveCfg = Release|Any CPU
		{CE3F89C5-D46D-4EFB-9724-B0DE814BA3FF}.Release|Any CPU.Build.0 = Release|Any CPU
		{B7B8D2A0-D527-4D2D-A2E5-51691EF860E2}.Debug|Any CPU.ActiveCfg = Debug|Any CPU
		{B7B8D2A0-D527-4D2D-A2E5-51691EF860E2}.Debug|Any CPU.Build.0 = Debug|Any CPU
		{B7B8D2A0-D527-4D2D-A2E5-51691EF860E2}.Release|Any CPU.ActiveCfg = Release|Any CPU
		{B7B8D2A0-D527-4D2D-A2E5-51691EF860E2}.Release|Any CPU.Build.0 = Release|Any CPU
		{BF2F3896-2FD8-4E85-A987-A51D541CED0A}.Debug|Any CPU.ActiveCfg = Debug|Any CPU
		{BF2F3896-2FD8-4E85-A987-A51D541CED0A}.Debug|Any CPU.Build.0 = Debug|Any CPU
		{BF2F3896-2FD8-4E85-A987-A51D541CED0A}.Release|Any CPU.ActiveCfg = Release|Any CPU
		{BF2F3896-2FD8-4E85-A987-A51D541CED0A}.Release|Any CPU.Build.0 = Release|Any CPU
		{C027A75D-5F70-4866-B388-7E7C3D196F67}.Debug|Any CPU.ActiveCfg = Debug|Any CPU
		{C027A75D-5F70-4866-B388-7E7C3D196F67}.Debug|Any CPU.Build.0 = Debug|Any CPU
		{C027A75D-5F70-4866-B388-7E7C3D196F67}.Release|Any CPU.ActiveCfg = Release|Any CPU
		{C027A75D-5F70-4866-B388-7E7C3D196F67}.Release|Any CPU.Build.0 = Release|Any CPU
		{19E15A96-275A-43AD-B8F7-D5FA3B2381AF}.Debug|Any CPU.ActiveCfg = Debug|Any CPU
		{19E15A96-275A-43AD-B8F7-D5FA3B2381AF}.Debug|Any CPU.Build.0 = Debug|Any CPU
		{19E15A96-275A-43AD-B8F7-D5FA3B2381AF}.Release|Any CPU.ActiveCfg = Release|Any CPU
		{19E15A96-275A-43AD-B8F7-D5FA3B2381AF}.Release|Any CPU.Build.0 = Release|Any CPU
		{2F45C0EF-7D4F-4E14-870A-31F5FF640701}.Debug|Any CPU.ActiveCfg = Debug|Any CPU
		{2F45C0EF-7D4F-4E14-870A-31F5FF640701}.Debug|Any CPU.Build.0 = Debug|Any CPU
		{2F45C0EF-7D4F-4E14-870A-31F5FF640701}.Release|Any CPU.ActiveCfg = Release|Any CPU
		{2F45C0EF-7D4F-4E14-870A-31F5FF640701}.Release|Any CPU.Build.0 = Release|Any CPU
		{6AC6CBDD-9533-4909-9AAA-7039BCE7A42B}.Debug|Any CPU.ActiveCfg = Debug|Any CPU
		{6AC6CBDD-9533-4909-9AAA-7039BCE7A42B}.Debug|Any CPU.Build.0 = Debug|Any CPU
		{6AC6CBDD-9533-4909-9AAA-7039BCE7A42B}.Release|Any CPU.ActiveCfg = Release|Any CPU
		{6AC6CBDD-9533-4909-9AAA-7039BCE7A42B}.Release|Any CPU.Build.0 = Release|Any CPU
		{CC833F2C-B447-46AA-A2F6-46DAC646451C}.Debug|Any CPU.ActiveCfg = Debug|Any CPU
		{CC833F2C-B447-46AA-A2F6-46DAC646451C}.Debug|Any CPU.Build.0 = Debug|Any CPU
		{CC833F2C-B447-46AA-A2F6-46DAC646451C}.Release|Any CPU.ActiveCfg = Release|Any CPU
		{CC833F2C-B447-46AA-A2F6-46DAC646451C}.Release|Any CPU.Build.0 = Release|Any CPU
		{22917C1D-8053-4E73-BB8B-33B000E85F40}.Debug|Any CPU.ActiveCfg = Debug|Any CPU
		{22917C1D-8053-4E73-BB8B-33B000E85F40}.Debug|Any CPU.Build.0 = Debug|Any CPU
		{22917C1D-8053-4E73-BB8B-33B000E85F40}.Release|Any CPU.ActiveCfg = Release|Any CPU
		{22917C1D-8053-4E73-BB8B-33B000E85F40}.Release|Any CPU.Build.0 = Release|Any CPU
		{E0AD72F6-ED41-466C-A63B-CB85179537A5}.Debug|Any CPU.ActiveCfg = Debug|Any CPU
		{E0AD72F6-ED41-466C-A63B-CB85179537A5}.Debug|Any CPU.Build.0 = Debug|Any CPU
		{E0AD72F6-ED41-466C-A63B-CB85179537A5}.Release|Any CPU.ActiveCfg = Debug|Any CPU
		{E0AD72F6-ED41-466C-A63B-CB85179537A5}.Release|Any CPU.Build.0 = Debug|Any CPU
		{C52A6B85-0AF4-496E-9C26-4AECA4092485}.Debug|Any CPU.ActiveCfg = Debug|Any CPU
		{C52A6B85-0AF4-496E-9C26-4AECA4092485}.Debug|Any CPU.Build.0 = Debug|Any CPU
		{C52A6B85-0AF4-496E-9C26-4AECA4092485}.Release|Any CPU.ActiveCfg = Release|Any CPU
		{C52A6B85-0AF4-496E-9C26-4AECA4092485}.Release|Any CPU.Build.0 = Release|Any CPU
	EndGlobalSection
	GlobalSection(SolutionProperties) = preSolution
		HideSolutionNode = FALSE
	EndGlobalSection
	GlobalSection(NestedProjects) = preSolution
		{19E96B6C-40A0-48DF-9F77-91EA7B453420} = {FCAB80E7-AA8D-49C8-82B4-B9863F337713}
		{CE3F89C5-D46D-4EFB-9724-B0DE814BA3FF} = {99F14F49-6D15-4E00-BB1E-52E6A193F457}
		{212F4713-4CC8-4738-B4BA-4B6C82388C60} = {05C33BFA-3CB7-439C-91DE-B0A52CA4AE81}
		{BF2F3896-2FD8-4E85-A987-A51D541CED0A} = {05C33BFA-3CB7-439C-91DE-B0A52CA4AE81}
		{19E15A96-275A-43AD-B8F7-D5FA3B2381AF} = {05C33BFA-3CB7-439C-91DE-B0A52CA4AE81}
		{6AC6CBDD-9533-4909-9AAA-7039BCE7A42B} = {99F14F49-6D15-4E00-BB1E-52E6A193F457}
		{B52CA77A-31FD-4AB8-AB26-0AB5C361F896} = {FCAB80E7-AA8D-49C8-82B4-B9863F337713}
		{5ED0567B-10E2-430A-9B0C-5F61F45E9B48} = {B52CA77A-31FD-4AB8-AB26-0AB5C361F896}
		{CC833F2C-B447-46AA-A2F6-46DAC646451C} = {FCAB80E7-AA8D-49C8-82B4-B9863F337713}
		{D52F1DE0-BB2B-4032-88DB-AFD0B4F46EFC} = {B52CA77A-31FD-4AB8-AB26-0AB5C361F896}
		{22917C1D-8053-4E73-BB8B-33B000E85F40} = {FCAB80E7-AA8D-49C8-82B4-B9863F337713}
		{C52A6B85-0AF4-496E-9C26-4AECA4092485} = {99F14F49-6D15-4E00-BB1E-52E6A193F457}
	EndGlobalSection
	GlobalSection(ExtensibilityGlobals) = postSolution
		SolutionGuid = {81394C79-BA91-40CF-ADDC-88D8B9FCE66B}
	EndGlobalSection
EndGlobal
